// !$*UTF8*$!
{
	archiveVersion = 1;
	classes = {
	};
	objectVersion = 56;
	objects = {

/* Begin PBXBuildFile section */
		A419CF722B8ECA7400D73591 /* Auth0 in Frameworks */ = {isa = PBXBuildFile; productRef = A419CF712B8ECA7400D73591 /* Auth0 */; };
		A419CF742B8ECBF700D73591 /* Auth0.plist in Resources */ = {isa = PBXBuildFile; fileRef = A419CF732B8ECBF700D73591 /* Auth0.plist */; };
		A419CF762B8ECCBA00D73591 /* LoginView.swift in Sources */ = {isa = PBXBuildFile; fileRef = A419CF752B8ECCBA00D73591 /* LoginView.swift */; };
		A45928FF2B75B73700698DCE /* ActioTitleView.swift in Sources */ = {isa = PBXBuildFile; fileRef = A45928FE2B75B73700698DCE /* ActioTitleView.swift */; };
		A45929032B75C1E800698DCE /* ActioButtonTheme.swift in Sources */ = {isa = PBXBuildFile; fileRef = A45929022B75C1E800698DCE /* ActioButtonTheme.swift */; };
		A48B4C4D2B5A123B00652E8D /* actioApp.swift in Sources */ = {isa = PBXBuildFile; fileRef = A48B4C4C2B5A123B00652E8D /* actioApp.swift */; };
		A48B4C4F2B5A123B00652E8D /* ContentView.swift in Sources */ = {isa = PBXBuildFile; fileRef = A48B4C4E2B5A123B00652E8D /* ContentView.swift */; };
		A48B4C512B5A123C00652E8D /* Assets.xcassets in Resources */ = {isa = PBXBuildFile; fileRef = A48B4C502B5A123C00652E8D /* Assets.xcassets */; };
		A48B4C542B5A123C00652E8D /* Preview Assets.xcassets in Resources */ = {isa = PBXBuildFile; fileRef = A48B4C532B5A123C00652E8D /* Preview Assets.xcassets */; };
		A48B4C632B6325AD00652E8D /* GetStartedView.swift in Sources */ = {isa = PBXBuildFile; fileRef = A48B4C622B6325AD00652E8D /* GetStartedView.swift */; };
		A48B4C652B632A5100652E8D /* QuestionsView.swift in Sources */ = {isa = PBXBuildFile; fileRef = A48B4C642B632A5100652E8D /* QuestionsView.swift */; };
/* End PBXBuildFile section */

/* Begin PBXFileReference section */
		A419CF6F2B8EC9CF00D73591 /* Info.plist */ = {isa = PBXFileReference; lastKnownFileType = text.plist; path = Info.plist; sourceTree = "<group>"; };
		A419CF732B8ECBF700D73591 /* Auth0.plist */ = {isa = PBXFileReference; lastKnownFileType = text.plist.xml; path = Auth0.plist; sourceTree = "<group>"; };
		A419CF752B8ECCBA00D73591 /* LoginView.swift */ = {isa = PBXFileReference; lastKnownFileType = sourcecode.swift; path = LoginView.swift; sourceTree = "<group>"; };
		A45928FE2B75B73700698DCE /* ActioTitleView.swift */ = {isa = PBXFileReference; lastKnownFileType = sourcecode.swift; path = ActioTitleView.swift; sourceTree = "<group>"; };
		A45929022B75C1E800698DCE /* ActioButtonTheme.swift */ = {isa = PBXFileReference; lastKnownFileType = sourcecode.swift; path = ActioButtonTheme.swift; sourceTree = "<group>"; };
		A48B4C492B5A123B00652E8D /* actio.app */ = {isa = PBXFileReference; explicitFileType = wrapper.application; includeInIndex = 0; path = actio.app; sourceTree = BUILT_PRODUCTS_DIR; };
		A48B4C4C2B5A123B00652E8D /* actioApp.swift */ = {isa = PBXFileReference; lastKnownFileType = sourcecode.swift; path = actioApp.swift; sourceTree = "<group>"; };
		A48B4C4E2B5A123B00652E8D /* ContentView.swift */ = {isa = PBXFileReference; lastKnownFileType = sourcecode.swift; path = ContentView.swift; sourceTree = "<group>"; };
		A48B4C502B5A123C00652E8D /* Assets.xcassets */ = {isa = PBXFileReference; lastKnownFileType = folder.assetcatalog; path = Assets.xcassets; sourceTree = "<group>"; };
		A48B4C532B5A123C00652E8D /* Preview Assets.xcassets */ = {isa = PBXFileReference; lastKnownFileType = folder.assetcatalog; path = "Preview Assets.xcassets"; sourceTree = "<group>"; };
		A48B4C622B6325AD00652E8D /* GetStartedView.swift */ = {isa = PBXFileReference; lastKnownFileType = sourcecode.swift; path = GetStartedView.swift; sourceTree = "<group>"; };
		A48B4C642B632A5100652E8D /* QuestionsView.swift */ = {isa = PBXFileReference; lastKnownFileType = sourcecode.swift; path = QuestionsView.swift; sourceTree = "<group>"; };
/* End PBXFileReference section */

/* Begin PBXFrameworksBuildPhase section */
		A48B4C462B5A123B00652E8D /* Frameworks */ = {
			isa = PBXFrameworksBuildPhase;
			buildActionMask = 2147483647;
			files = (
				A419CF722B8ECA7400D73591 /* Auth0 in Frameworks */,
			);
			runOnlyForDeploymentPostprocessing = 0;
		};
/* End PBXFrameworksBuildPhase section */

/* Begin PBXGroup section */
		A48B4C402B5A123B00652E8D = {
			isa = PBXGroup;
			children = (
				A48B4C4B2B5A123B00652E8D /* actio */,
				A48B4C4A2B5A123B00652E8D /* Products */,
			);
			sourceTree = "<group>";
		};
		A48B4C4A2B5A123B00652E8D /* Products */ = {
			isa = PBXGroup;
			children = (
				A48B4C492B5A123B00652E8D /* actio.app */,
			);
			name = Products;
			sourceTree = "<group>";
		};
		A48B4C4B2B5A123B00652E8D /* actio */ = {
			isa = PBXGroup;
			children = (
				A419CF6F2B8EC9CF00D73591 /* Info.plist */,
				A48B4C4C2B5A123B00652E8D /* actioApp.swift */,
				A45928FE2B75B73700698DCE /* ActioTitleView.swift */,
				A48B4C4E2B5A123B00652E8D /* ContentView.swift */,
				A48B4C502B5A123C00652E8D /* Assets.xcassets */,
				A48B4C522B5A123C00652E8D /* Preview Content */,
				A48B4C622B6325AD00652E8D /* GetStartedView.swift */,
				A45929022B75C1E800698DCE /* ActioButtonTheme.swift */,
				A48B4C642B632A5100652E8D /* QuestionsView.swift */,
				A419CF732B8ECBF700D73591 /* Auth0.plist */,
				A419CF752B8ECCBA00D73591 /* LoginView.swift */,
			);
			path = actio;
			sourceTree = "<group>";
		};
		A48B4C522B5A123C00652E8D /* Preview Content */ = {
			isa = PBXGroup;
			children = (
				A48B4C532B5A123C00652E8D /* Preview Assets.xcassets */,
			);
			path = "Preview Content";
			sourceTree = "<group>";
		};
/* End PBXGroup section */

/* Begin PBXNativeTarget section */
		A48B4C482B5A123B00652E8D /* actio */ = {
			isa = PBXNativeTarget;
			buildConfigurationList = A48B4C572B5A123C00652E8D /* Build configuration list for PBXNativeTarget "actio" */;
			buildPhases = (
				A48B4C452B5A123B00652E8D /* Sources */,
				A48B4C462B5A123B00652E8D /* Frameworks */,
				A48B4C472B5A123B00652E8D /* Resources */,
			);
			buildRules = (
			);
			dependencies = (
			);
			name = actio;
			packageProductDependencies = (
				A419CF712B8ECA7400D73591 /* Auth0 */,
			);
			productName = actio;
			productReference = A48B4C492B5A123B00652E8D /* actio.app */;
			productType = "com.apple.product-type.application";
		};
/* End PBXNativeTarget section */

/* Begin PBXProject section */
		A48B4C412B5A123B00652E8D /* Project object */ = {
			isa = PBXProject;
			attributes = {
				BuildIndependentTargetsInParallel = 1;
				LastSwiftUpdateCheck = 1430;
				LastUpgradeCheck = 1430;
				TargetAttributes = {
					A48B4C482B5A123B00652E8D = {
						CreatedOnToolsVersion = 14.3.1;
					};
				};
			};
			buildConfigurationList = A48B4C442B5A123B00652E8D /* Build configuration list for PBXProject "actio" */;
			compatibilityVersion = "Xcode 14.0";
			developmentRegion = en;
			hasScannedForEncodings = 0;
			knownRegions = (
				en,
				Base,
			);
			mainGroup = A48B4C402B5A123B00652E8D;
			packageReferences = (
				A419CF702B8ECA7400D73591 /* XCRemoteSwiftPackageReference "Auth0" */,
			);
			productRefGroup = A48B4C4A2B5A123B00652E8D /* Products */;
			projectDirPath = "";
			projectRoot = "";
			targets = (
				A48B4C482B5A123B00652E8D /* actio */,
			);
		};
/* End PBXProject section */

/* Begin PBXResourcesBuildPhase section */
		A48B4C472B5A123B00652E8D /* Resources */ = {
			isa = PBXResourcesBuildPhase;
			buildActionMask = 2147483647;
			files = (
				A48B4C542B5A123C00652E8D /* Preview Assets.xcassets in Resources */,
				A419CF742B8ECBF700D73591 /* Auth0.plist in Resources */,
				A48B4C512B5A123C00652E8D /* Assets.xcassets in Resources */,
			);
			runOnlyForDeploymentPostprocessing = 0;
		};
/* End PBXResourcesBuildPhase section */

/* Begin PBXSourcesBuildPhase section */
		A48B4C452B5A123B00652E8D /* Sources */ = {
			isa = PBXSourcesBuildPhase;
			buildActionMask = 2147483647;
			files = (
				A45928FF2B75B73700698DCE /* ActioTitleView.swift in Sources */,
				A419CF762B8ECCBA00D73591 /* LoginView.swift in Sources */,
				A48B4C652B632A5100652E8D /* QuestionsView.swift in Sources */,
				A48B4C632B6325AD00652E8D /* GetStartedView.swift in Sources */,
				A48B4C4F2B5A123B00652E8D /* ContentView.swift in Sources */,
				A45929032B75C1E800698DCE /* ActioButtonTheme.swift in Sources */,
				A48B4C4D2B5A123B00652E8D /* actioApp.swift in Sources */,
			);
			runOnlyForDeploymentPostprocessing = 0;
		};
/* End PBXSourcesBuildPhase section */

/* Begin XCBuildConfiguration section */
		A48B4C552B5A123C00652E8D /* Debug */ = {
			isa = XCBuildConfiguration;
			buildSettings = {
				ALWAYS_SEARCH_USER_PATHS = NO;
				CLANG_ANALYZER_NONNULL = YES;
				CLANG_ANALYZER_NUMBER_OBJECT_CONVERSION = YES_AGGRESSIVE;
				CLANG_CXX_LANGUAGE_STANDARD = "gnu++20";
				CLANG_ENABLE_MODULES = YES;
				CLANG_ENABLE_OBJC_ARC = YES;
				CLANG_ENABLE_OBJC_WEAK = YES;
				CLANG_WARN_BLOCK_CAPTURE_AUTORELEASING = YES;
				CLANG_WARN_BOOL_CONVERSION = YES;
				CLANG_WARN_COMMA = YES;
				CLANG_WARN_CONSTANT_CONVERSION = YES;
				CLANG_WARN_DEPRECATED_OBJC_IMPLEMENTATIONS = YES;
				CLANG_WARN_DIRECT_OBJC_ISA_USAGE = YES_ERROR;
				CLANG_WARN_DOCUMENTATION_COMMENTS = YES;
				CLANG_WARN_EMPTY_BODY = YES;
				CLANG_WARN_ENUM_CONVERSION = YES;
				CLANG_WARN_INFINITE_RECURSION = YES;
				CLANG_WARN_INT_CONVERSION = YES;
				CLANG_WARN_NON_LITERAL_NULL_CONVERSION = YES;
				CLANG_WARN_OBJC_IMPLICIT_RETAIN_SELF = YES;
				CLANG_WARN_OBJC_LITERAL_CONVERSION = YES;
				CLANG_WARN_OBJC_ROOT_CLASS = YES_ERROR;
				CLANG_WARN_QUOTED_INCLUDE_IN_FRAMEWORK_HEADER = YES;
				CLANG_WARN_RANGE_LOOP_ANALYSIS = YES;
				CLANG_WARN_STRICT_PROTOTYPES = YES;
				CLANG_WARN_SUSPICIOUS_MOVE = YES;
				CLANG_WARN_UNGUARDED_AVAILABILITY = YES_AGGRESSIVE;
				CLANG_WARN_UNREACHABLE_CODE = YES;
				CLANG_WARN__DUPLICATE_METHOD_MATCH = YES;
				COPY_PHASE_STRIP = NO;
				DEBUG_INFORMATION_FORMAT = dwarf;
				ENABLE_STRICT_OBJC_MSGSEND = YES;
				ENABLE_TESTABILITY = YES;
				GCC_C_LANGUAGE_STANDARD = gnu11;
				GCC_DYNAMIC_NO_PIC = NO;
				GCC_NO_COMMON_BLOCKS = YES;
				GCC_OPTIMIZATION_LEVEL = 0;
				GCC_PREPROCESSOR_DEFINITIONS = (
					"DEBUG=1",
					"$(inherited)",
				);
				GCC_WARN_64_TO_32_BIT_CONVERSION = YES;
				GCC_WARN_ABOUT_RETURN_TYPE = YES_ERROR;
				GCC_WARN_UNDECLARED_SELECTOR = YES;
				GCC_WARN_UNINITIALIZED_AUTOS = YES_AGGRESSIVE;
				GCC_WARN_UNUSED_FUNCTION = YES;
				GCC_WARN_UNUSED_VARIABLE = YES;
				IPHONEOS_DEPLOYMENT_TARGET = 16.4;
				MTL_ENABLE_DEBUG_INFO = INCLUDE_SOURCE;
				MTL_FAST_MATH = YES;
				ONLY_ACTIVE_ARCH = YES;
				SDKROOT = iphoneos;
				SWIFT_ACTIVE_COMPILATION_CONDITIONS = DEBUG;
				SWIFT_OPTIMIZATION_LEVEL = "-Onone";
			};
			name = Debug;
		};
		A48B4C562B5A123C00652E8D /* Release */ = {
			isa = XCBuildConfiguration;
			buildSettings = {
				ALWAYS_SEARCH_USER_PATHS = NO;
				CLANG_ANALYZER_NONNULL = YES;
				CLANG_ANALYZER_NUMBER_OBJECT_CONVERSION = YES_AGGRESSIVE;
				CLANG_CXX_LANGUAGE_STANDARD = "gnu++20";
				CLANG_ENABLE_MODULES = YES;
				CLANG_ENABLE_OBJC_ARC = YES;
				CLANG_ENABLE_OBJC_WEAK = YES;
				CLANG_WARN_BLOCK_CAPTURE_AUTORELEASING = YES;
				CLANG_WARN_BOOL_CONVERSION = YES;
				CLANG_WARN_COMMA = YES;
				CLANG_WARN_CONSTANT_CONVERSION = YES;
				CLANG_WARN_DEPRECATED_OBJC_IMPLEMENTATIONS = YES;
				CLANG_WARN_DIRECT_OBJC_ISA_USAGE = YES_ERROR;
				CLANG_WARN_DOCUMENTATION_COMMENTS = YES;
				CLANG_WARN_EMPTY_BODY = YES;
				CLANG_WARN_ENUM_CONVERSION = YES;
				CLANG_WARN_INFINITE_RECURSION = YES;
				CLANG_WARN_INT_CONVERSION = YES;
				CLANG_WARN_NON_LITERAL_NULL_CONVERSION = YES;
				CLANG_WARN_OBJC_IMPLICIT_RETAIN_SELF = YES;
				CLANG_WARN_OBJC_LITERAL_CONVERSION = YES;
				CLANG_WARN_OBJC_ROOT_CLASS = YES_ERROR;
				CLANG_WARN_QUOTED_INCLUDE_IN_FRAMEWORK_HEADER = YES;
				CLANG_WARN_RANGE_LOOP_ANALYSIS = YES;
				CLANG_WARN_STRICT_PROTOTYPES = YES;
				CLANG_WARN_SUSPICIOUS_MOVE = YES;
				CLANG_WARN_UNGUARDED_AVAILABILITY = YES_AGGRESSIVE;
				CLANG_WARN_UNREACHABLE_CODE = YES;
				CLANG_WARN__DUPLICATE_METHOD_MATCH = YES;
				COPY_PHASE_STRIP = NO;
				DEBUG_INFORMATION_FORMAT = "dwarf-with-dsym";
				ENABLE_NS_ASSERTIONS = NO;
				ENABLE_STRICT_OBJC_MSGSEND = YES;
				GCC_C_LANGUAGE_STANDARD = gnu11;
				GCC_NO_COMMON_BLOCKS = YES;
				GCC_WARN_64_TO_32_BIT_CONVERSION = YES;
				GCC_WARN_ABOUT_RETURN_TYPE = YES_ERROR;
				GCC_WARN_UNDECLARED_SELECTOR = YES;
				GCC_WARN_UNINITIALIZED_AUTOS = YES_AGGRESSIVE;
				GCC_WARN_UNUSED_FUNCTION = YES;
				GCC_WARN_UNUSED_VARIABLE = YES;
				IPHONEOS_DEPLOYMENT_TARGET = 16.4;
				MTL_ENABLE_DEBUG_INFO = NO;
				MTL_FAST_MATH = YES;
				SDKROOT = iphoneos;
				SWIFT_COMPILATION_MODE = wholemodule;
				SWIFT_OPTIMIZATION_LEVEL = "-O";
				VALIDATE_PRODUCT = YES;
			};
			name = Release;
		};
		A48B4C582B5A123C00652E8D /* Debug */ = {
			isa = XCBuildConfiguration;
			buildSettings = {
				ASSETCATALOG_COMPILER_APPICON_NAME = AppIcon;
				ASSETCATALOG_COMPILER_GLOBAL_ACCENT_COLOR_NAME = AccentColor;
				CODE_SIGN_STYLE = Automatic;
				CURRENT_PROJECT_VERSION = 1;
				DEVELOPMENT_ASSET_PATHS = "\"actio/Preview Content\"";
				DEVELOPMENT_TEAM = 3X225285TY;
				ENABLE_PREVIEWS = YES;
				GENERATE_INFOPLIST_FILE = YES;
				INFOPLIST_FILE = actio/Info.plist;
				INFOPLIST_KEY_UIApplicationSceneManifest_Generation = YES;
				INFOPLIST_KEY_UIApplicationSupportsIndirectInputEvents = YES;
				INFOPLIST_KEY_UILaunchScreen_Generation = YES;
				INFOPLIST_KEY_UISupportedInterfaceOrientations_iPad = "UIInterfaceOrientationPortrait UIInterfaceOrientationPortraitUpsideDown UIInterfaceOrientationLandscapeLeft UIInterfaceOrientationLandscapeRight";
				INFOPLIST_KEY_UISupportedInterfaceOrientations_iPhone = "UIInterfaceOrientationPortrait UIInterfaceOrientationLandscapeLeft UIInterfaceOrientationLandscapeRight";
				LD_RUNPATH_SEARCH_PATHS = (
					"$(inherited)",
					"@executable_path/Frameworks",
				);
				MARKETING_VERSION = 1.0;
				PRODUCT_BUNDLE_IDENTIFIER = io.act.actio;
				PRODUCT_NAME = "$(TARGET_NAME)";
				SWIFT_EMIT_LOC_STRINGS = YES;
				SWIFT_VERSION = 5.0;
				TARGETED_DEVICE_FAMILY = "1,2";
			};
			name = Debug;
		};
		A48B4C592B5A123C00652E8D /* Release */ = {
			isa = XCBuildConfiguration;
			buildSettings = {
				ASSETCATALOG_COMPILER_APPICON_NAME = AppIcon;
				ASSETCATALOG_COMPILER_GLOBAL_ACCENT_COLOR_NAME = AccentColor;
				CODE_SIGN_STYLE = Automatic;
				CURRENT_PROJECT_VERSION = 1;
				DEVELOPMENT_ASSET_PATHS = "\"actio/Preview Content\"";
				DEVELOPMENT_TEAM = 3X225285TY;
				ENABLE_PREVIEWS = YES;
				GENERATE_INFOPLIST_FILE = YES;
				INFOPLIST_FILE = actio/Info.plist;
				INFOPLIST_KEY_UIApplicationSceneManifest_Generation = YES;
				INFOPLIST_KEY_UIApplicationSupportsIndirectInputEvents = YES;
				INFOPLIST_KEY_UILaunchScreen_Generation = YES;
				INFOPLIST_KEY_UISupportedInterfaceOrientations_iPad = "UIInterfaceOrientationPortrait UIInterfaceOrientationPortraitUpsideDown UIInterfaceOrientationLandscapeLeft UIInterfaceOrientationLandscapeRight";
				INFOPLIST_KEY_UISupportedInterfaceOrientations_iPhone = "UIInterfaceOrientationPortrait UIInterfaceOrientationLandscapeLeft UIInterfaceOrientationLandscapeRight";
				LD_RUNPATH_SEARCH_PATHS = (
					"$(inherited)",
					"@executable_path/Frameworks",
				);
				MARKETING_VERSION = 1.0;
				PRODUCT_BUNDLE_IDENTIFIER = io.act.actio;
				PRODUCT_NAME = "$(TARGET_NAME)";
				SWIFT_EMIT_LOC_STRINGS = YES;
				SWIFT_VERSION = 5.0;
				TARGETED_DEVICE_FAMILY = "1,2";
			};
			name = Release;
		};
/* End XCBuildConfiguration section */

/* Begin XCConfigurationList section */
		A48B4C442B5A123B00652E8D /* Build configuration list for PBXProject "actio" */ = {
			isa = XCConfigurationList;
			buildConfigurations = (
				A48B4C552B5A123C00652E8D /* Debug */,
				A48B4C562B5A123C00652E8D /* Release */,
			);
			defaultConfigurationIsVisible = 0;
			defaultConfigurationName = Release;
		};
		A48B4C572B5A123C00652E8D /* Build configuration list for PBXNativeTarget "actio" */ = {
			isa = XCConfigurationList;
			buildConfigurations = (
				A48B4C582B5A123C00652E8D /* Debug */,
				A48B4C592B5A123C00652E8D /* Release */,
			);
			defaultConfigurationIsVisible = 0;
			defaultConfigurationName = Release;
		};
/* End XCConfigurationList section */

/* Begin XCRemoteSwiftPackageReference section */
		A419CF702B8ECA7400D73591 /* XCRemoteSwiftPackageReference "Auth0" */ = {
			isa = XCRemoteSwiftPackageReference;
			repositoryURL = "https://github.com/auth0/Auth0.swift";
			requirement = {
				kind = upToNextMajorVersion;
				minimumVersion = 2.0.0;
			};
		};
/* End XCRemoteSwiftPackageReference section */

/* Begin XCSwiftPackageProductDependency section */
		A419CF712B8ECA7400D73591 /* Auth0 */ = {
			isa = XCSwiftPackageProductDependency;
			package = A419CF702B8ECA7400D73591 /* XCRemoteSwiftPackageReference "Auth0" */;
			productName = Auth0;
		};
/* End XCSwiftPackageProductDependency section */
	};
	rootObject = A48B4C412B5A123B00652E8D /* Project object */;
}
